
Microsoft Visual Studio Solution File, Format Version 12.00
# Visual Studio Version 17
VisualStudioVersion = 17.4.33122.133
MinimumVisualStudioVersion = 10.0.40219.1
Project("{FAE04EC0-301F-11D3-BF4B-00C04F79EFBC}") = "Ovitehtävä", "Ovitehtävä.csproj", "{A12976F2-4333-4F13-AACA-FAC14CD99182}"
EndProject
Global
	GlobalSection(SolutionConfigurationPlatforms) = preSolution
		Debug|Any CPU = Debug|Any CPU
		Release|Any CPU = Release|Any CPU
	EndGlobalSection
	GlobalSection(ProjectConfigurationPlatforms) = postSolution
		{A12976F2-4333-4F13-AACA-FAC14CD99182}.Debug|Any CPU.ActiveCfg = Debug|Any CPU
		{A12976F2-4333-4F13-AACA-FAC14CD99182}.Debug|Any CPU.Build.0 = Debug|Any CPU
		{A12976F2-4333-4F13-AACA-FAC14CD99182}.Release|Any CPU.ActiveCfg = Release|Any CPU
		{A12976F2-4333-4F13-AACA-FAC14CD99182}.Release|Any CPU.Build.0 = Release|Any CPU
	EndGlobalSection
	GlobalSection(SolutionProperties) = preSolution
		HideSolutionNode = FALSE
	EndGlobalSection
	GlobalSection(ExtensibilityGlobals) = postSolution
		SolutionGuid = {AA09E744-A151-44E7-AA66-1BE3871053B3}
	EndGlobalSection
EndGlobal
