
Microsoft Visual Studio Solution File, Format Version 12.00
# Visual Studio Version 17
VisualStudioVersion = 17.4.33122.133
MinimumVisualStudioVersion = 10.0.40219.1
Project("{FAE04EC0-301F-11D3-BF4B-00C04F79EFBC}") = "Robottitehtävä", "Robottitehtävä.csproj", "{784A8EAD-6B45-465A-9AE2-AAC2D432FB4E}"
EndProject
Global
	GlobalSection(SolutionConfigurationPlatforms) = preSolution
		Debug|Any CPU = Debug|Any CPU
		Release|Any CPU = Release|Any CPU
	EndGlobalSection
	GlobalSection(ProjectConfigurationPlatforms) = postSolution
		{784A8EAD-6B45-465A-9AE2-AAC2D432FB4E}.Debug|Any CPU.ActiveCfg = Debug|Any CPU
		{784A8EAD-6B45-465A-9AE2-AAC2D432FB4E}.Debug|Any CPU.Build.0 = Debug|Any CPU
		{784A8EAD-6B45-465A-9AE2-AAC2D432FB4E}.Release|Any CPU.ActiveCfg = Release|Any CPU
		{784A8EAD-6B45-465A-9AE2-AAC2D432FB4E}.Release|Any CPU.Build.0 = Release|Any CPU
	EndGlobalSection
	GlobalSection(SolutionProperties) = preSolution
		HideSolutionNode = FALSE
	EndGlobalSection
	GlobalSection(ExtensibilityGlobals) = postSolution
		SolutionGuid = {9BB2F217-F52E-4311-BEBD-7497A60D1702}
	EndGlobalSection
EndGlobal
